
Microsoft Visual Studio Solution File, Format Version 12.00
# Visual Studio Version 17
VisualStudioVersion = 17.14.36908.2
MinimumVisualStudioVersion = 10.0.40219.1
Project("{FAE04EC0-301F-11D3-BF4B-00C04F79EFBC}") = "KPZlab3task1", "KPZlab3task1\KPZlab3task1.csproj", "{0309D8D0-72E8-4008-ADB6-6FDAF97BE522}"
EndProject
Project("{FAE04EC0-301F-11D3-BF4B-00C04F79EFBC}") = "KPZlab3task2", "KPZlab3task2\KPZlab3task2.csproj", "{F28761E3-A9B0-4E5A-BB47-EAE70B5B42E5}"
EndProject
Project("{FAE04EC0-301F-11D3-BF4B-00C04F79EFBC}") = "KPZlab3task3", "KPZlab3task3\KPZlab3task3.csproj", "{FC218CAE-5738-4CCE-A3A5-761F79985AC6}"
EndProject
Project("{FAE04EC0-301F-11D3-BF4B-00C04F79EFBC}") = "KPZlab3task4", "KPZlab3task4\KPZlab3task4.csproj", "{E5F6330D-D5F0-4E69-A266-CCAC744B806D}"
EndProject
Project("{FAE04EC0-301F-11D3-BF4B-00C04F79EFBC}") = "KPZlab3task5", "KPZlab3task5\KPZlab3task5.csproj", "{A3C7EB25-FA23-4C35-BE44-0F5B687BD789}"
EndProject
Project("{FAE04EC0-301F-11D3-BF4B-00C04F79EFBC}") = "KPZlab3task6", "KPZlab3task6\KPZlab3task6.csproj", "{55EC14CF-1F9E-48E9-8631-A682380C6480}"
EndProject
Project("{FAE04EC0-301F-11D3-BF4B-00C04F79EFBC}") = "KPZlab4task3", "KPZlab4task3\KPZlab4task3.csproj", "{B2ACDA89-294B-4DC7-8DDA-FD7D140DEAA5}"
EndProject
Project("{FAE04EC0-301F-11D3-BF4B-00C04F79EFBC}") = "KPZlab4task4", "KPZlab4task4\KPZlab4task4.csproj", "{D9BDAE58-F2A6-4DDB-8670-BC99E84A78AB}"
EndProject
Global
	GlobalSection(SolutionConfigurationPlatforms) = preSolution
		Debug|Any CPU = Debug|Any CPU
		Release|Any CPU = Release|Any CPU
	EndGlobalSection
	GlobalSection(ProjectConfigurationPlatforms) = postSolution
		{0309D8D0-72E8-4008-ADB6-6FDAF97BE522}.Debug|Any CPU.ActiveCfg = Debug|Any CPU
		{0309D8D0-72E8-4008-ADB6-6FDAF97BE522}.Debug|Any CPU.Build.0 = Debug|Any CPU
		{0309D8D0-72E8-4008-ADB6-6FDAF97BE522}.Release|Any CPU.ActiveCfg = Release|Any CPU
		{0309D8D0-72E8-4008-ADB6-6FDAF97BE522}.Release|Any CPU.Build.0 = Release|Any CPU
		{F28761E3-A9B0-4E5A-BB47-EAE70B5B42E5}.Debug|Any CPU.ActiveCfg = Debug|Any CPU
		{F28761E3-A9B0-4E5A-BB47-EAE70B5B42E5}.Debug|Any CPU.Build.0 = Debug|Any CPU
		{F28761E3-A9B0-4E5A-BB47-EAE70B5B42E5}.Release|Any CPU.ActiveCfg = Release|Any CPU
		{F28761E3-A9B0-4E5A-BB47-EAE70B5B42E5}.Release|Any CPU.Build.0 = Release|Any CPU
		{FC218CAE-5738-4CCE-A3A5-761F79985AC6}.Debug|Any CPU.ActiveCfg = Debug|Any CPU
		{FC218CAE-5738-4CCE-A3A5-761F79985AC6}.Debug|Any CPU.Build.0 = Debug|Any CPU
		{FC218CAE-5738-4CCE-A3A5-761F79985AC6}.Release|Any CPU.ActiveCfg = Release|Any CPU
		{FC218CAE-5738-4CCE-A3A5-761F79985AC6}.Release|Any CPU.Build.0 = Release|Any CPU
		{E5F6330D-D5F0-4E69-A266-CCAC744B806D}.Debug|Any CPU.ActiveCfg = Debug|Any CPU
		{E5F6330D-D5F0-4E69-A266-CCAC744B806D}.Debug|Any CPU.Build.0 = Debug|Any CPU
		{E5F6330D-D5F0-4E69-A266-CCAC744B806D}.Release|Any CPU.ActiveCfg = Release|Any CPU
		{E5F6330D-D5F0-4E69-A266-CCAC744B806D}.Release|Any CPU.Build.0 = Release|Any CPU
		{A3C7EB25-FA23-4C35-BE44-0F5B687BD789}.Debug|Any CPU.ActiveCfg = Debug|Any CPU
		{A3C7EB25-FA23-4C35-BE44-0F5B687BD789}.Debug|Any CPU.Build.0 = Debug|Any CPU
		{A3C7EB25-FA23-4C35-BE44-0F5B687BD789}.Release|Any CPU.ActiveCfg = Release|Any CPU
		{A3C7EB25-FA23-4C35-BE44-0F5B687BD789}.Release|Any CPU.Build.0 = Release|Any CPU
		{55EC14CF-1F9E-48E9-8631-A682380C6480}.Debug|Any CPU.ActiveCfg = Debug|Any CPU
		{55EC14CF-1F9E-48E9-8631-A682380C6480}.Debug|Any CPU.Build.0 = Debug|Any CPU
		{55EC14CF-1F9E-48E9-8631-A682380C6480}.Release|Any CPU.ActiveCfg = Release|Any CPU
		{55EC14CF-1F9E-48E9-8631-A682380C6480}.Release|Any CPU.Build.0 = Release|Any CPU
		{B2ACDA89-294B-4DC7-8DDA-FD7D140DEAA5}.Debug|Any CPU.ActiveCfg = Debug|Any CPU
		{B2ACDA89-294B-4DC7-8DDA-FD7D140DEAA5}.Debug|Any CPU.Build.0 = Debug|Any CPU
		{B2ACDA89-294B-4DC7-8DDA-FD7D140DEAA5}.Release|Any CPU.ActiveCfg = Release|Any CPU
		{B2ACDA89-294B-4DC7-8DDA-FD7D140DEAA5}.Release|Any CPU.Build.0 = Release|Any CPU
		{D9BDAE58-F2A6-4DDB-8670-BC99E84A78AB}.Debug|Any CPU.ActiveCfg = Debug|Any CPU
		{D9BDAE58-F2A6-4DDB-8670-BC99E84A78AB}.Debug|Any CPU.Build.0 = Debug|Any CPU
		{D9BDAE58-F2A6-4DDB-8670-BC99E84A78AB}.Release|Any CPU.ActiveCfg = Release|Any CPU
		{D9BDAE58-F2A6-4DDB-8670-BC99E84A78AB}.Release|Any CPU.Build.0 = Release|Any CPU
	EndGlobalSection
	GlobalSection(SolutionProperties) = preSolution
		HideSolutionNode = FALSE
	EndGlobalSection
	GlobalSection(ExtensibilityGlobals) = postSolution
		SolutionGuid = {25DE57E1-7FBC-40FC-B358-45D8B671E922}
	EndGlobalSection
EndGlobal
